<?xml version="1.0" encoding="utf-8"?>
<Project ToolsVersion="4.0" xmlns="http://schemas.microsoft.com/developer/msbuild/2003">
  <ItemGroup>
    <Filter Include="Source Files">
      <UniqueIdentifier>{4FC737F1-C7A5-4376-A066-2A32D752A2FF}</UniqueIdentifier>
      <Extensions>cpp;c;cc;cxx;c++;cppm;ixx;def;odl;idl;hpj;bat;asm;asmx</Extensions>
    </Filter>
    <Filter Include="Header Files">
      <UniqueIdentifier>{93995380-89BD-4b04-88EB-625FBE52EBFB}</UniqueIdentifier>
      <Extensions>h;hh;hpp;hxx;h++;hm;inl;inc;ipp;xsd</Extensions>
    </Filter>
    <Filter Include="Resource Files">
      <UniqueIdentifier>{67DA6AB6-F800-4c08-8B7A-83BB121AAD01}</UniqueIdentifier>
      <Extensions>rc;ico;cur;bmp;dlg;rc2;rct;bin;rgs;gif;jpg;jpeg;jpe;resx;tiff;tif;png;wav;mfcribbon-ms</Extensions>
    </Filter>
    <Filter Include="Source Files\ImGui">
      <UniqueIdentifier>{3926c2e1-afa9-4598-9544-e75a8b794116}</UniqueIdentifier>
    </Filter>
    <Filter Include="Header Files\ImGui">
      <UniqueIdentifier>{9aeb6249-515a-4f80-9c5b-804568b4d2f5}</UniqueIdentifier>
    </Filter>
    <Filter Include="Shaders">
      <UniqueIdentifier>{15ae6057-2e3b-42b1-9aff-04336cee4042}</UniqueIdentifier>
    </Filter>
    <Filter Include="Source Files\ComponentActions">
      <UniqueIdentifier>{8130e1b4-649c-400d-93ae-a2df368619d2}</UniqueIdentifier>
    </Filter>
    <Filter Include="Source Files\NeuralNetwork">
      <UniqueIdentifier>{373c49f5-9413-4ee0-870d-98a9b3e7267b}</UniqueIdentifier>
    </Filter>
    <Filter Include="Source Files\Components">
      <UniqueIdentifier>{0b16bc23-96c3-443a-8df8-05baa9225bc4}</UniqueIdentifier>
    </Filter>
    <Filter Include="Header Files\ComponentActions">
      <UniqueIdentifier>{b35fffc2-7b22-4fa7-856b-4a651f4bc30c}</UniqueIdentifier>
    </Filter>
    <Filter Include="Header Files\Components">
      <UniqueIdentifier>{5fa69750-c87f-4976-99e2-d128e53edebd}</UniqueIdentifier>
    </Filter>
    <Filter Include="Header Files\ComponentInput">
      <UniqueIdentifier>{429d80f0-6c51-4e9a-ac52-bbc331797d8c}</UniqueIdentifier>
    </Filter>
    <Filter Include="Source Files\ComponentInputs">
      <UniqueIdentifier>{ef88204c-63d7-4389-a407-5329612d3f59}</UniqueIdentifier>
    </Filter>
  </ItemGroup>
  <ItemGroup>
    <ClCompile Include="Main.cpp">
      <Filter>Source Files</Filter>
    </ClCompile>
    <ClCompile Include="glad.c">
      <Filter>Source Files</Filter>
    </ClCompile>
    <ClCompile Include="ImGui\imgui.cpp">
      <Filter>Source Files\ImGui</Filter>
    </ClCompile>
    <ClCompile Include="ImGui\imgui_demo.cpp">
      <Filter>Source Files\ImGui</Filter>
    </ClCompile>
    <ClCompile Include="ImGui\imgui_draw.cpp">
      <Filter>Source Files\ImGui</Filter>
    </ClCompile>
    <ClCompile Include="ImGui\imgui_impl_glfw.cpp">
      <Filter>Source Files\ImGui</Filter>
    </ClCompile>
    <ClCompile Include="ImGui\imgui_impl_opengl3.cpp">
      <Filter>Source Files\ImGui</Filter>
    </ClCompile>
    <ClCompile Include="ImGui\imgui_tables.cpp">
      <Filter>Source Files\ImGui</Filter>
    </ClCompile>
    <ClCompile Include="ImGui\imgui_widgets.cpp">
      <Filter>Source Files\ImGui</Filter>
    </ClCompile>
    <ClCompile Include="SimGrid.cpp">
      <Filter>Source Files</Filter>
    </ClCompile>
    <ClCompile Include="Agent.cpp">
      <Filter>Source Files</Filter>
    </ClCompile>
    <ClCompile Include="Cell.cpp">
      <Filter>Source Files</Filter>
    </ClCompile>
    <ClCompile Include="ComponentAction.cpp">
      <Filter>Source Files\ComponentActions</Filter>
    </ClCompile>
    <ClCompile Include="Brain.cpp">
      <Filter>Source Files\NeuralNetwork</Filter>
    </ClCompile>
    <ClCompile Include="Component.cpp">
      <Filter>Source Files\Components</Filter>
    </ClCompile>
    <ClCompile Include="MovementComponent.cpp">
      <Filter>Source Files\Components</Filter>
    </ClCompile>
    <ClCompile Include="MovementActions.cpp">
      <Filter>Source Files\ComponentActions</Filter>
    </ClCompile>
    <ClCompile Include="MouthActions.cpp">
      <Filter>Source Files\ComponentActions</Filter>
    </ClCompile>
    <ClCompile Include="MouthComponent.cpp">
      <Filter>Source Files\Components</Filter>
    </ClCompile>
    <ClCompile Include="EyeComponent.cpp">
      <Filter>Source Files\Components</Filter>
    </ClCompile>
    <ClCompile Include="ComponentInput.cpp">
      <Filter>Source Files\ComponentInputs</Filter>
    </ClCompile>
    <ClCompile Include="EyeInputs.cpp">
      <Filter>Source Files\ComponentInputs</Filter>
    </ClCompile>
    <ClCompile Include="stb.cpp">
      <Filter>Source Files</Filter>
    </ClCompile>
    <ClCompile Include="CarnivoreMouthActions.cpp">
      <Filter>Source Files\ComponentActions</Filter>
    </ClCompile>
    <ClCompile Include="CarnivoreMouthComponent.cpp">
      <Filter>Source Files\Components</Filter>
    </ClCompile>
    <ClCompile Include="Actions.cpp">
      <Filter>Source Files\ComponentActions</Filter>
    </ClCompile>
    <ClCompile Include="Inputs.cpp">
      <Filter>Source Files\ComponentInputs</Filter>
    </ClCompile>
    <ClCompile Include="Neurons.cpp">
      <Filter>Source Files</Filter>
    </ClCompile>
    <ClCompile Include="implot.cpp">
      <Filter>Source Files</Filter>
    </ClCompile>
    <ClCompile Include="implot_items.cpp">
      <Filter>Source Files</Filter>
    </ClCompile>
    <ClCompile Include="NeuronData.cpp">
      <Filter>Source Files</Filter>
    </ClCompile>
    <ClCompile Include="implot_demo.cpp">
      <Filter>Source Files</Filter>
    </ClCompile>
  </ItemGroup>
  <ItemGroup>
    <ClInclude Include="ImGui\imconfig.h">
      <Filter>Header Files\ImGui</Filter>
    </ClInclude>
    <ClInclude Include="ImGui\imgui.h">
      <Filter>Header Files\ImGui</Filter>
    </ClInclude>
    <ClInclude Include="ImGui\imgui_impl_glfw.h">
      <Filter>Header Files\ImGui</Filter>
    </ClInclude>
    <ClInclude Include="ImGui\imgui_impl_opengl3.h">
      <Filter>Header Files\ImGui</Filter>
    </ClInclude>
    <ClInclude Include="ImGui\imgui_impl_opengl3_loader.h">
      <Filter>Header Files\ImGui</Filter>
    </ClInclude>
    <ClInclude Include="ImGui\imgui_internal.h">
      <Filter>Header Files\ImGui</Filter>
    </ClInclude>
    <ClInclude Include="ImGui\imstb_rectpack.h">
      <Filter>Header Files\ImGui</Filter>
    </ClInclude>
    <ClInclude Include="ImGui\imstb_textedit.h">
      <Filter>Header Files\ImGui</Filter>
    </ClInclude>
    <ClInclude Include="ImGui\imstb_truetype.h">
      <Filter>Header Files\ImGui</Filter>
    </ClInclude>
    <ClInclude Include="SimGrid.h">
      <Filter>Header Files</Filter>
    </ClInclude>
    <ClInclude Include="Agent.h">
      <Filter>Header Files</Filter>
    </ClInclude>
    <ClInclude Include="Cell.h">
      <Filter>Header Files</Filter>
    </ClInclude>
    <ClInclude Include="Brain.h">
      <Filter>Header Files</Filter>
    </ClInclude>
    <ClInclude Include="ComponentAction.h">
      <Filter>Header Files\ComponentActions</Filter>
    </ClInclude>
    <ClInclude Include="MovementActions.h">
      <Filter>Header Files\ComponentActions</Filter>
    </ClInclude>
    <ClInclude Include="Component.h">
      <Filter>Header Files\Components</Filter>
    </ClInclude>
    <ClInclude Include="MovementComponent.h">
      <Filter>Header Files\Components</Filter>
    </ClInclude>
    <ClInclude Include="MouthComponent.h">
      <Filter>Header Files\Components</Filter>
    </ClInclude>
    <ClInclude Include="MouthActions.h">
      <Filter>Header Files\ComponentActions</Filter>
    </ClInclude>
    <ClInclude Include="Colour.h">
      <Filter>Header Files</Filter>
    </ClInclude>
    <ClInclude Include="UtilityFunctions.h">
      <Filter>Header Files</Filter>
    </ClInclude>
    <ClInclude Include="Globals.h">
      <Filter>Header Files</Filter>
    </ClInclude>
    <ClInclude Include="ComponentInput.h">
      <Filter>Header Files\ComponentInput</Filter>
    </ClInclude>
    <ClInclude Include="EyeComponent.h">
      <Filter>Header Files\Components</Filter>
    </ClInclude>
    <ClInclude Include="EyeInputs.h">
      <Filter>Header Files\ComponentInput</Filter>
    </ClInclude>
    <ClInclude Include="UtilityTypes.h">
      <Filter>Header Files</Filter>
    </ClInclude>
    <ClInclude Include="stb_image.h">
      <Filter>Header Files</Filter>
    </ClInclude>
    <ClInclude Include="CarnivoreMouthActions.h">
      <Filter>Header Files\ComponentActions</Filter>
    </ClInclude>
    <ClInclude Include="CarnivoreMouthComponent.h">
      <Filter>Header Files\Components</Filter>
    </ClInclude>
    <ClInclude Include="Actions.h">
      <Filter>Header Files\ComponentActions</Filter>
    </ClInclude>
    <ClInclude Include="Inputs.h">
      <Filter>Header Files\ComponentInput</Filter>
    </ClInclude>
    <ClInclude Include="Neurons.h">
      <Filter>Header Files</Filter>
    </ClInclude>
    <ClInclude Include="implot.h">
      <Filter>Header Files</Filter>
    </ClInclude>
    <ClInclude Include="implot_internal.h">
      <Filter>Header Files</Filter>
    </ClInclude>
    <ClInclude Include="NeuronData.h">
      <Filter>Header Files</Filter>
    </ClInclude>
  </ItemGroup>
  <ItemGroup>
    <None Include="GridPixelShader.hlsl">
      <Filter>Shaders</Filter>
    </None>
    <None Include="GridVertexShader.hlsl">
      <Filter>Shaders</Filter>
    </None>
    <None Include="TexturePixelShader.hlsl">
      <Filter>Shaders</Filter>
    </None>
    <None Include="TextureVertexShader.hlsl">
      <Filter>Shaders</Filter>
    </None>
  </ItemGroup>
</Project>